# THIS IS AN AUTOGENERATED FILE. DO NOT EDIT THIS FILE DIRECTLY.
# yarn lockfile v1


"vtex.render-runtime@http://vtex.vtexassets.com/_v/public/typings/v1/vtex.render-runtime@8.132.3/public/@types/vtex.render-runtime":
  version "8.132.3"
  resolved "http://vtex.vtexassets.com/_v/public/typings/v1/vtex.render-runtime@8.132.3/public/@types/vtex.render-runtime#c7dd142e384f38bd7a7c841543b73e9349fadc93"
