# THIS IS AN AUTOGENERATED FILE. DO NOT EDIT THIS FILE DIRECTLY.
# yarn lockfile v1


"@types/node@^12.0.0":
  version "12.20.38"
  resolved "https://registry.yarnpkg.com/@types/node/-/node-12.20.38.tgz#74801983c0558a7a31a4ead18bce2edded2b0e2f"
  integrity sha512-NxmtBRGipjx1B225OeMdI+CQmLbYqvvmYbukDTJGDgzIDgPQ1EcjGmYxGhOk5hTBqeB558S6RgHSpq2iiqifAQ==
